
Microsoft Visual Studio Solution File, Format Version 12.00
# Visual Studio Version 17
VisualStudioVersion = 17.13.35825.156 d17.13
MinimumVisualStudioVersion = 10.0.40219.1
Project("{FAE04EC0-301F-11D3-BF4B-00C04F79EFBC}") = "ProjetoInterclasse", "ProjetoInterclasse\ProjetoInterclasse.csproj", "{964BC791-F9A0-4CC6-BDF3-CF216D2B98DD}"
EndProject
Global
	GlobalSection(SolutionConfigurationPlatforms) = preSolution
		Debug|Any CPU = Debug|Any CPU
		Release|Any CPU = Release|Any CPU
	EndGlobalSection
	GlobalSection(ProjectConfigurationPlatforms) = postSolution
		{964BC791-F9A0-4CC6-BDF3-CF216D2B98DD}.Debug|Any CPU.ActiveCfg = Debug|Any CPU
		{964BC791-F9A0-4CC6-BDF3-CF216D2B98DD}.Debug|Any CPU.Build.0 = Debug|Any CPU
		{964BC791-F9A0-4CC6-BDF3-CF216D2B98DD}.Release|Any CPU.ActiveCfg = Release|Any CPU
		{964BC791-F9A0-4CC6-BDF3-CF216D2B98DD}.Release|Any CPU.Build.0 = Release|Any CPU
	EndGlobalSection
	GlobalSection(SolutionProperties) = preSolution
		HideSolutionNode = FALSE
	EndGlobalSection
	GlobalSection(ExtensibilityGlobals) = postSolution
		SolutionGuid = {D58E3E13-8AE0-4F4B-B3A9-3F13E1F68264}
	EndGlobalSection
EndGlobal
